
Microsoft Visual Studio Solution File, Format Version 12.00
# Visual Studio 15
VisualStudioVersion = 15.0.28307.168
MinimumVisualStudioVersion = 10.0.40219.1
Project("{FAE04EC0-301F-11D3-BF4B-00C04F79EFBC}") = "MobileSaatasaat", "MobileSaatasaat\MobileSaatasaat.csproj", "{78355E04-129C-42B0-8B18-8D217F42D29B}"
EndProject
Global
	GlobalSection(SolutionConfigurationPlatforms) = preSolution
		Debug|Any CPU = Debug|Any CPU
		Release|Any CPU = Release|Any CPU
	EndGlobalSection
	GlobalSection(ProjectConfigurationPlatforms) = postSolution
		{78355E04-129C-42B0-8B18-8D217F42D29B}.Debug|Any CPU.ActiveCfg = Debug|Any CPU
		{78355E04-129C-42B0-8B18-8D217F42D29B}.Debug|Any CPU.Build.0 = Debug|Any CPU
		{78355E04-129C-42B0-8B18-8D217F42D29B}.Release|Any CPU.ActiveCfg = Release|Any CPU
		{78355E04-129C-42B0-8B18-8D217F42D29B}.Release|Any CPU.Build.0 = Release|Any CPU
	EndGlobalSection
	GlobalSection(SolutionProperties) = preSolution
		HideSolutionNode = FALSE
	EndGlobalSection
	GlobalSection(ExtensibilityGlobals) = postSolution
		SolutionGuid = {A2B10501-6DE8-4786-9FE7-1C3FA7546AF2}
	EndGlobalSection
EndGlobal
